PODS:
  - tealium-swift/Core (2.12.2)
  - tealium-swift/RemoteCommands (2.12.2):
    - tealium-swift/Core
  - tealium-swift/TagManagement (2.12.2):
    - tealium-swift/Core
  - TealiumFullstory (1.1.0):
    - tealium-swift/Core (~> 2.12)
    - tealium-swift/RemoteCommands (~> 2.12)

DEPENDENCIES:
  - tealium-swift/TagManagement
  - TealiumFullstory (from `../`)

SPEC REPOS:
  trunk:
    - tealium-swift

EXTERNAL SOURCES:
  TealiumFullstory:
    :path: "../"

SPEC CHECKSUMS:
  tealium-swift: 4b7e3dda42d7c1de6acb769abad9920346d17d43
  TealiumFullstory: e6aae0ffa4ec80e18a75b72717c42a8f68f64800

PODFILE CHECKSUM: aa65bb55ad75c4256d3f8d11d14de48cfbe134fc

COCOAPODS: 1.15.2
